// !$*UTF8*$!
{
	archiveVersion = 1;
	classes = {
	};
	objectVersion = 55;
	objects = {

/* Begin PBXBuildFile section */
		2326B33E2761EABD00677E7F /* AppDelegate.swift in Sources */ = {isa = PBXBuildFile; fileRef = 2326B33D2761EABD00677E7F /* AppDelegate.swift */; };
		2326B3402761EABD00677E7F /* SceneDelegate.swift in Sources */ = {isa = PBXBuildFile; fileRef = 2326B33F2761EABD00677E7F /* SceneDelegate.swift */; };
		2326B3422761EABD00677E7F /* ViewController.swift in Sources */ = {isa = PBXBuildFile; fileRef = 2326B3412761EABD00677E7F /* ViewController.swift */; };
		2326B3452761EABD00677E7F /* Main.storyboard in Resources */ = {isa = PBXBuildFile; fileRef = 2326B3432761EABD00677E7F /* Main.storyboard */; };
		2326B3472761EABE00677E7F /* Assets.xcassets in Resources */ = {isa = PBXBuildFile; fileRef = 2326B3462761EABE00677E7F /* Assets.xcassets */; };
		2326B34A2761EABE00677E7F /* LaunchScreen.storyboard in Resources */ = {isa = PBXBuildFile; fileRef = 2326B3482761EABE00677E7F /* LaunchScreen.storyboard */; };
		2326B36D2761EDD600677E7F /* StoryboardRepresentation.swift in Sources */ = {isa = PBXBuildFile; fileRef = 2326B36C2761EDD600677E7F /* StoryboardRepresentation.swift */; };
		2326B36F2761EDEF00677E7F /* TypeOfViewController.swift in Sources */ = {isa = PBXBuildFile; fileRef = 2326B36E2761EDEF00677E7F /* TypeOfViewController.swift */; };
		A3B0158CC326976A62A9CACF /* Pods_IOS_Study.framework in Frameworks */ = {isa = PBXBuildFile; fileRef = C6DE82466545D9BE48644D73 /* Pods_IOS_Study.framework */; };
/* End PBXBuildFile section */

/* Begin PBXFileReference section */
		0395A4473DC55F3311B84462 /* Pods-IOS_Study.release.xcconfig */ = {isa = PBXFileReference; includeInIndex = 1; lastKnownFileType = text.xcconfig; name = "Pods-IOS_Study.release.xcconfig"; path = "Target Support Files/Pods-IOS_Study/Pods-IOS_Study.release.xcconfig"; sourceTree = "<group>"; };
		2326B33A2761EABD00677E7F /* IOS_Study.app */ = {isa = PBXFileReference; explicitFileType = wrapper.application; includeInIndex = 0; path = IOS_Study.app; sourceTree = BUILT_PRODUCTS_DIR; };
		2326B33D2761EABD00677E7F /* AppDelegate.swift */ = {isa = PBXFileReference; lastKnownFileType = sourcecode.swift; path = AppDelegate.swift; sourceTree = "<group>"; };
		2326B33F2761EABD00677E7F /* SceneDelegate.swift */ = {isa = PBXFileReference; lastKnownFileType = sourcecode.swift; path = SceneDelegate.swift; sourceTree = "<group>"; };
		2326B3412761EABD00677E7F /* ViewController.swift */ = {isa = PBXFileReference; lastKnownFileType = sourcecode.swift; path = ViewController.swift; sourceTree = "<group>"; };
		2326B3442761EABD00677E7F /* Base */ = {isa = PBXFileReference; lastKnownFileType = file.storyboard; name = Base; path = Base.lproj/Main.storyboard; sourceTree = "<group>"; };
		2326B3462761EABE00677E7F /* Assets.xcassets */ = {isa = PBXFileReference; lastKnownFileType = folder.assetcatalog; path = Assets.xcassets; sourceTree = "<group>"; };
		2326B3492761EABE00677E7F /* Base */ = {isa = PBXFileReference; lastKnownFileType = file.storyboard; name = Base; path = Base.lproj/LaunchScreen.storyboard; sourceTree = "<group>"; };
		2326B34B2761EABE00677E7F /* Info.plist */ = {isa = PBXFileReference; lastKnownFileType = text.plist.xml; path = Info.plist; sourceTree = "<group>"; };
		2326B36C2761EDD600677E7F /* StoryboardRepresentation.swift */ = {isa = PBXFileReference; lastKnownFileType = sourcecode.swift; path = StoryboardRepresentation.swift; sourceTree = "<group>"; };
		2326B36E2761EDEF00677E7F /* TypeOfViewController.swift */ = {isa = PBXFileReference; lastKnownFileType = sourcecode.swift; path = TypeOfViewController.swift; sourceTree = "<group>"; };
		9A8288964E3C1935BDC37774 /* Pods-IOS_Study.debug.xcconfig */ = {isa = PBXFileReference; includeInIndex = 1; lastKnownFileType = text.xcconfig; name = "Pods-IOS_Study.debug.xcconfig"; path = "Target Support Files/Pods-IOS_Study/Pods-IOS_Study.debug.xcconfig"; sourceTree = "<group>"; };
		C6DE82466545D9BE48644D73 /* Pods_IOS_Study.framework */ = {isa = PBXFileReference; explicitFileType = wrapper.framework; includeInIndex = 0; path = Pods_IOS_Study.framework; sourceTree = BUILT_PRODUCTS_DIR; };
/* End PBXFileReference section */

/* Begin PBXFrameworksBuildPhase section */
		2326B3372761EABD00677E7F /* Frameworks */ = {
			isa = PBXFrameworksBuildPhase;
			buildActionMask = 2147483647;
			files = (
				A3B0158CC326976A62A9CACF /* Pods_IOS_Study.framework in Frameworks */,
			);
			runOnlyForDeploymentPostprocessing = 0;
		};
/* End PBXFrameworksBuildPhase section */

/* Begin PBXGroup section */
		1817B8C7C0DE445CDFE43E5C /* Frameworks */ = {
			isa = PBXGroup;
			children = (
				C6DE82466545D9BE48644D73 /* Pods_IOS_Study.framework */,
			);
			name = Frameworks;
			sourceTree = "<group>";
		};
		2326B3312761EABD00677E7F = {
			isa = PBXGroup;
			children = (
				2326B33C2761EABD00677E7F /* IOS_Study */,
				2326B33B2761EABD00677E7F /* Products */,
				F45527BFBD8BC6C365249373 /* Pods */,
				1817B8C7C0DE445CDFE43E5C /* Frameworks */,
			);
			sourceTree = "<group>";
		};
		2326B33B2761EABD00677E7F /* Products */ = {
			isa = PBXGroup;
			children = (
				2326B33A2761EABD00677E7F /* IOS_Study.app */,
			);
			name = Products;
			sourceTree = "<group>";
		};
		2326B33C2761EABD00677E7F /* IOS_Study */ = {
			isa = PBXGroup;
			children = (
				2326B3512761EB6000677E7F /* Global */,
				2326B3522761EB8800677E7F /* Network */,
				2326B3532761EB9200677E7F /* Screen */,
				2326B3542761EB9D00677E7F /* Support */,
				2326B3412761EABD00677E7F /* ViewController.swift */,
				2326B3432761EABD00677E7F /* Main.storyboard */,
			);
			path = IOS_Study;
			sourceTree = "<group>";
		};
		2326B3512761EB6000677E7F /* Global */ = {
			isa = PBXGroup;
			children = (
				2326B36B2761EDC300677E7F /* Factory */,
				2326B3552761EC3B00677E7F /* Struct */,
				2326B3562761EC4B00677E7F /* Font */,
				2326B3482761EABE00677E7F /* LaunchScreen.storyboard */,
			);
			path = Global;
			sourceTree = "<group>";
		};
		2326B3522761EB8800677E7F /* Network */ = {
			isa = PBXGroup;
			children = (
				2326B3582761EC6200677E7F /* APIServices */,
				2326B3572761EC5A00677E7F /* APIModels */,
			);
			path = Network;
			sourceTree = "<group>";
		};
		2326B3532761EB9200677E7F /* Screen */ = {
			isa = PBXGroup;
			children = (
				2326B35C2761EC9400677E7F /* Login */,
				2326B35B2761EC8B00677E7F /* Chatting */,
				2326B35A2761EC8000677E7F /* Home_Student */,
				2326B3592761EC7000677E7F /* Home_Teacher */,
			);
			path = Screen;
			sourceTree = "<group>";
		};
		2326B3542761EB9D00677E7F /* Support */ = {
			isa = PBXGroup;
			children = (
				2326B34B2761EABE00677E7F /* Info.plist */,
				2326B3462761EABE00677E7F /* Assets.xcassets */,
				2326B33D2761EABD00677E7F /* AppDelegate.swift */,
				2326B33F2761EABD00677E7F /* SceneDelegate.swift */,
			);
			path = Support;
			sourceTree = "<group>";
		};
		2326B3552761EC3B00677E7F /* Struct */ = {
			isa = PBXGroup;
			children = (
			);
			path = Struct;
			sourceTree = "<group>";
		};
		2326B3562761EC4B00677E7F /* Font */ = {
			isa = PBXGroup;
			children = (
			);
			path = Font;
			sourceTree = "<group>";
		};
		2326B3572761EC5A00677E7F /* APIModels */ = {
			isa = PBXGroup;
			children = (
			);
			path = APIModels;
			sourceTree = "<group>";
		};
		2326B3582761EC6200677E7F /* APIServices */ = {
			isa = PBXGroup;
			children = (
			);
			path = APIServices;
			sourceTree = "<group>";
		};
		2326B3592761EC7000677E7F /* Home_Teacher */ = {
			isa = PBXGroup;
			children = (
				2326B3642761ED4C00677E7F /* Storyboard */,
				2326B3632761ED3000677E7F /* Controller */,
				2326B3652761ED7000677E7F /* Cell */,
			);
			path = Home_Teacher;
			sourceTree = "<group>";
		};
		2326B35A2761EC8000677E7F /* Home_Student */ = {
			isa = PBXGroup;
			children = (
				2326B3682761ED9300677E7F /* Cell */,
				2326B3622761ED2800677E7F /* Storyboard */,
				2326B3612761ED2100677E7F /* Controller */,
			);
			path = Home_Student;
			sourceTree = "<group>";
		};
		2326B35B2761EC8B00677E7F /* Chatting */ = {
			isa = PBXGroup;
			children = (
				2326B35F2761ED0100677E7F /* Storyboard */,
				2326B3602761ED0B00677E7F /* Controller */,
			);
			path = Chatting;
			sourceTree = "<group>";
		};
		2326B35C2761EC9400677E7F /* Login */ = {
			isa = PBXGroup;
			children = (
				2326B35D2761ECDD00677E7F /* Storyboard */,
				2326B35E2761ECEA00677E7F /* Controller */,
			);
			path = Login;
			sourceTree = "<group>";
		};
		2326B35D2761ECDD00677E7F /* Storyboard */ = {
			isa = PBXGroup;
			children = (
			);
			path = Storyboard;
			sourceTree = "<group>";
		};
		2326B35E2761ECEA00677E7F /* Controller */ = {
			isa = PBXGroup;
			children = (
			);
			path = Controller;
			sourceTree = "<group>";
		};
		2326B35F2761ED0100677E7F /* Storyboard */ = {
			isa = PBXGroup;
			children = (
			);
			path = Storyboard;
			sourceTree = "<group>";
		};
		2326B3602761ED0B00677E7F /* Controller */ = {
			isa = PBXGroup;
			children = (
			);
			path = Controller;
			sourceTree = "<group>";
		};
		2326B3612761ED2100677E7F /* Controller */ = {
			isa = PBXGroup;
			children = (
			);
			path = Controller;
			sourceTree = "<group>";
		};
		2326B3622761ED2800677E7F /* Storyboard */ = {
			isa = PBXGroup;
			children = (
			);
			path = Storyboard;
			sourceTree = "<group>";
		};
		2326B3632761ED3000677E7F /* Controller */ = {
			isa = PBXGroup;
			children = (
			);
			path = Controller;
			sourceTree = "<group>";
		};
		2326B3642761ED4C00677E7F /* Storyboard */ = {
			isa = PBXGroup;
			children = (
			);
			path = Storyboard;
			sourceTree = "<group>";
		};
		2326B3652761ED7000677E7F /* Cell */ = {
			isa = PBXGroup;
			children = (
				2326B3672761ED8100677E7F /* TVC */,
				2326B3662761ED7C00677E7F /* CVC */,
			);
			path = Cell;
			sourceTree = "<group>";
		};
		2326B3662761ED7C00677E7F /* CVC */ = {
			isa = PBXGroup;
			children = (
			);
			path = CVC;
			sourceTree = "<group>";
		};
		2326B3672761ED8100677E7F /* TVC */ = {
			isa = PBXGroup;
			children = (
			);
			path = TVC;
			sourceTree = "<group>";
		};
		2326B3682761ED9300677E7F /* Cell */ = {
			isa = PBXGroup;
			children = (
				2326B36A2761ED9C00677E7F /* TVC */,
				2326B3692761ED9600677E7F /* CVC */,
			);
			path = Cell;
			sourceTree = "<group>";
		};
		2326B3692761ED9600677E7F /* CVC */ = {
			isa = PBXGroup;
			children = (
			);
			path = CVC;
			sourceTree = "<group>";
		};
		2326B36A2761ED9C00677E7F /* TVC */ = {
			isa = PBXGroup;
			children = (
			);
			path = TVC;
			sourceTree = "<group>";
		};
		2326B36B2761EDC300677E7F /* Factory */ = {
			isa = PBXGroup;
			children = (
				2326B36C2761EDD600677E7F /* StoryboardRepresentation.swift */,
				2326B36E2761EDEF00677E7F /* TypeOfViewController.swift */,
			);
			path = Factory;
			sourceTree = "<group>";
		};
		F45527BFBD8BC6C365249373 /* Pods */ = {
			isa = PBXGroup;
			children = (
				9A8288964E3C1935BDC37774 /* Pods-IOS_Study.debug.xcconfig */,
				0395A4473DC55F3311B84462 /* Pods-IOS_Study.release.xcconfig */,
			);
			name = Pods;
			path = Pods;
			sourceTree = "<group>";
		};
/* End PBXGroup section */

/* Begin PBXNativeTarget section */
		2326B3392761EABD00677E7F /* IOS_Study */ = {
			isa = PBXNativeTarget;
			buildConfigurationList = 2326B34E2761EABE00677E7F /* Build configuration list for PBXNativeTarget "IOS_Study" */;
			buildPhases = (
				5633F1F7FF2A161960941606 /* [CP] Check Pods Manifest.lock */,
				2326B3362761EABD00677E7F /* Sources */,
				2326B3372761EABD00677E7F /* Frameworks */,
				2326B3382761EABD00677E7F /* Resources */,
			);
			buildRules = (
			);
			dependencies = (
			);
			name = IOS_Study;
			productName = IOS_Study;
			productReference = 2326B33A2761EABD00677E7F /* IOS_Study.app */;
			productType = "com.apple.product-type.application";
		};
/* End PBXNativeTarget section */

/* Begin PBXProject section */
		2326B3322761EABD00677E7F /* Project object */ = {
			isa = PBXProject;
			attributes = {
				BuildIndependentTargetsInParallel = 1;
				LastSwiftUpdateCheck = 1310;
				LastUpgradeCheck = 1310;
				TargetAttributes = {
					2326B3392761EABD00677E7F = {
						CreatedOnToolsVersion = 13.1;
					};
				};
			};
			buildConfigurationList = 2326B3352761EABD00677E7F /* Build configuration list for PBXProject "IOS_Study" */;
			compatibilityVersion = "Xcode 13.0";
			developmentRegion = en;
			hasScannedForEncodings = 0;
			knownRegions = (
				en,
				Base,
			);
			mainGroup = 2326B3312761EABD00677E7F;
			productRefGroup = 2326B33B2761EABD00677E7F /* Products */;
			projectDirPath = "";
			projectRoot = "";
			targets = (
				2326B3392761EABD00677E7F /* IOS_Study */,
			);
		};
/* End PBXProject section */

/* Begin PBXResourcesBuildPhase section */
		2326B3382761EABD00677E7F /* Resources */ = {
			isa = PBXResourcesBuildPhase;
			buildActionMask = 2147483647;
			files = (
				2326B34A2761EABE00677E7F /* LaunchScreen.storyboard in Resources */,
				2326B3472761EABE00677E7F /* Assets.xcassets in Resources */,
				2326B3452761EABD00677E7F /* Main.storyboard in Resources */,
			);
			runOnlyForDeploymentPostprocessing = 0;
		};
/* End PBXResourcesBuildPhase section */

/* Begin PBXShellScriptBuildPhase section */
		5633F1F7FF2A161960941606 /* [CP] Check Pods Manifest.lock */ = {
			isa = PBXShellScriptBuildPhase;
			buildActionMask = 2147483647;
			files = (
			);
			inputFileListPaths = (
			);
			inputPaths = (
				"${PODS_PODFILE_DIR_PATH}/Podfile.lock",
				"${PODS_ROOT}/Manifest.lock",
			);
			name = "[CP] Check Pods Manifest.lock";
			outputFileListPaths = (
			);
			outputPaths = (
				"$(DERIVED_FILE_DIR)/Pods-IOS_Study-checkManifestLockResult.txt",
			);
			runOnlyForDeploymentPostprocessing = 0;
			shellPath = /bin/sh;
			shellScript = "diff \"${PODS_PODFILE_DIR_PATH}/Podfile.lock\" \"${PODS_ROOT}/Manifest.lock\" > /dev/null\nif [ $? != 0 ] ; then\n    # print error to STDERR\n    echo \"error: The sandbox is not in sync with the Podfile.lock. Run 'pod install' or update your CocoaPods installation.\" >&2\n    exit 1\nfi\n# This output is used by Xcode 'outputs' to avoid re-running this script phase.\necho \"SUCCESS\" > \"${SCRIPT_OUTPUT_FILE_0}\"\n";
			showEnvVarsInLog = 0;
		};
/* End PBXShellScriptBuildPhase section */

/* Begin PBXSourcesBuildPhase section */
		2326B3362761EABD00677E7F /* Sources */ = {
			isa = PBXSourcesBuildPhase;
			buildActionMask = 2147483647;
			files = (
				2326B3422761EABD00677E7F /* ViewController.swift in Sources */,
				2326B36D2761EDD600677E7F /* StoryboardRepresentation.swift in Sources */,
				2326B36F2761EDEF00677E7F /* TypeOfViewController.swift in Sources */,
				2326B33E2761EABD00677E7F /* AppDelegate.swift in Sources */,
				2326B3402761EABD00677E7F /* SceneDelegate.swift in Sources */,
			);
			runOnlyForDeploymentPostprocessing = 0;
		};
/* End PBXSourcesBuildPhase section */

/* Begin PBXVariantGroup section */
		2326B3432761EABD00677E7F /* Main.storyboard */ = {
			isa = PBXVariantGroup;
			children = (
				2326B3442761EABD00677E7F /* Base */,
			);
			name = Main.storyboard;
			sourceTree = "<group>";
		};
		2326B3482761EABE00677E7F /* LaunchScreen.storyboard */ = {
			isa = PBXVariantGroup;
			children = (
				2326B3492761EABE00677E7F /* Base */,
			);
			name = LaunchScreen.storyboard;
			sourceTree = "<group>";
		};
/* End PBXVariantGroup section */

/* Begin XCBuildConfiguration section */
		2326B34C2761EABE00677E7F /* Debug */ = {
			isa = XCBuildConfiguration;
			buildSettings = {
				ALWAYS_SEARCH_USER_PATHS = NO;
				CLANG_ANALYZER_NONNULL = YES;
				CLANG_ANALYZER_NUMBER_OBJECT_CONVERSION = YES_AGGRESSIVE;
				CLANG_CXX_LANGUAGE_STANDARD = "gnu++17";
				CLANG_CXX_LIBRARY = "libc++";
				CLANG_ENABLE_MODULES = YES;
				CLANG_ENABLE_OBJC_ARC = YES;
				CLANG_ENABLE_OBJC_WEAK = YES;
				CLANG_WARN_BLOCK_CAPTURE_AUTORELEASING = YES;
				CLANG_WARN_BOOL_CONVERSION = YES;
				CLANG_WARN_COMMA = YES;
				CLANG_WARN_CONSTANT_CONVERSION = YES;
				CLANG_WARN_DEPRECATED_OBJC_IMPLEMENTATIONS = YES;
				CLANG_WARN_DIRECT_OBJC_ISA_USAGE = YES_ERROR;
				CLANG_WARN_DOCUMENTATION_COMMENTS = YES;
				CLANG_WARN_EMPTY_BODY = YES;
				CLANG_WARN_ENUM_CONVERSION = YES;
				CLANG_WARN_INFINITE_RECURSION = YES;
				CLANG_WARN_INT_CONVERSION = YES;
				CLANG_WARN_NON_LITERAL_NULL_CONVERSION = YES;
				CLANG_WARN_OBJC_IMPLICIT_RETAIN_SELF = YES;
				CLANG_WARN_OBJC_LITERAL_CONVERSION = YES;
				CLANG_WARN_OBJC_ROOT_CLASS = YES_ERROR;
				CLANG_WARN_QUOTED_INCLUDE_IN_FRAMEWORK_HEADER = YES;
				CLANG_WARN_RANGE_LOOP_ANALYSIS = YES;
				CLANG_WARN_STRICT_PROTOTYPES = YES;
				CLANG_WARN_SUSPICIOUS_MOVE = YES;
				CLANG_WARN_UNGUARDED_AVAILABILITY = YES_AGGRESSIVE;
				CLANG_WARN_UNREACHABLE_CODE = YES;
				CLANG_WARN__DUPLICATE_METHOD_MATCH = YES;
				COPY_PHASE_STRIP = NO;
				DEBUG_INFORMATION_FORMAT = dwarf;
				ENABLE_STRICT_OBJC_MSGSEND = YES;
				ENABLE_TESTABILITY = YES;
				GCC_C_LANGUAGE_STANDARD = gnu11;
				GCC_DYNAMIC_NO_PIC = NO;
				GCC_NO_COMMON_BLOCKS = YES;
				GCC_OPTIMIZATION_LEVEL = 0;
				GCC_PREPROCESSOR_DEFINITIONS = (
					"DEBUG=1",
					"$(inherited)",
				);
				GCC_WARN_64_TO_32_BIT_CONVERSION = YES;
				GCC_WARN_ABOUT_RETURN_TYPE = YES_ERROR;
				GCC_WARN_UNDECLARED_SELECTOR = YES;
				GCC_WARN_UNINITIALIZED_AUTOS = YES_AGGRESSIVE;
				GCC_WARN_UNUSED_FUNCTION = YES;
				GCC_WARN_UNUSED_VARIABLE = YES;
				IPHONEOS_DEPLOYMENT_TARGET = 15.0;
				MTL_ENABLE_DEBUG_INFO = INCLUDE_SOURCE;
				MTL_FAST_MATH = YES;
				ONLY_ACTIVE_ARCH = YES;
				SDKROOT = iphoneos;
				SWIFT_ACTIVE_COMPILATION_CONDITIONS = DEBUG;
				SWIFT_OPTIMIZATION_LEVEL = "-Onone";
			};
			name = Debug;
		};
		2326B34D2761EABE00677E7F /* Release */ = {
			isa = XCBuildConfiguration;
			buildSettings = {
				ALWAYS_SEARCH_USER_PATHS = NO;
				CLANG_ANALYZER_NONNULL = YES;
				CLANG_ANALYZER_NUMBER_OBJECT_CONVERSION = YES_AGGRESSIVE;
				CLANG_CXX_LANGUAGE_STANDARD = "gnu++17";
				CLANG_CXX_LIBRARY = "libc++";
				CLANG_ENABLE_MODULES = YES;
				CLANG_ENABLE_OBJC_ARC = YES;
				CLANG_ENABLE_OBJC_WEAK = YES;
				CLANG_WARN_BLOCK_CAPTURE_AUTORELEASING = YES;
				CLANG_WARN_BOOL_CONVERSION = YES;
				CLANG_WARN_COMMA = YES;
				CLANG_WARN_CONSTANT_CONVERSION = YES;
				CLANG_WARN_DEPRECATED_OBJC_IMPLEMENTATIONS = YES;
				CLANG_WARN_DIRECT_OBJC_ISA_USAGE = YES_ERROR;
				CLANG_WARN_DOCUMENTATION_COMMENTS = YES;
				CLANG_WARN_EMPTY_BODY = YES;
				CLANG_WARN_ENUM_CONVERSION = YES;
				CLANG_WARN_INFINITE_RECURSION = YES;
				CLANG_WARN_INT_CONVERSION = YES;
				CLANG_WARN_NON_LITERAL_NULL_CONVERSION = YES;
				CLANG_WARN_OBJC_IMPLICIT_RETAIN_SELF = YES;
				CLANG_WARN_OBJC_LITERAL_CONVERSION = YES;
				CLANG_WARN_OBJC_ROOT_CLASS = YES_ERROR;
				CLANG_WARN_QUOTED_INCLUDE_IN_FRAMEWORK_HEADER = YES;
				CLANG_WARN_RANGE_LOOP_ANALYSIS = YES;
				CLANG_WARN_STRICT_PROTOTYPES = YES;
				CLANG_WARN_SUSPICIOUS_MOVE = YES;
				CLANG_WARN_UNGUARDED_AVAILABILITY = YES_AGGRESSIVE;
				CLANG_WARN_UNREACHABLE_CODE = YES;
				CLANG_WARN__DUPLICATE_METHOD_MATCH = YES;
				COPY_PHASE_STRIP = NO;
				DEBUG_INFORMATION_FORMAT = "dwarf-with-dsym";
				ENABLE_NS_ASSERTIONS = NO;
				ENABLE_STRICT_OBJC_MSGSEND = YES;
				GCC_C_LANGUAGE_STANDARD = gnu11;
				GCC_NO_COMMON_BLOCKS = YES;
				GCC_WARN_64_TO_32_BIT_CONVERSION = YES;
				GCC_WARN_ABOUT_RETURN_TYPE = YES_ERROR;
				GCC_WARN_UNDECLARED_SELECTOR = YES;
				GCC_WARN_UNINITIALIZED_AUTOS = YES_AGGRESSIVE;
				GCC_WARN_UNUSED_FUNCTION = YES;
				GCC_WARN_UNUSED_VARIABLE = YES;
				IPHONEOS_DEPLOYMENT_TARGET = 15.0;
				MTL_ENABLE_DEBUG_INFO = NO;
				MTL_FAST_MATH = YES;
				SDKROOT = iphoneos;
				SWIFT_COMPILATION_MODE = wholemodule;
				SWIFT_OPTIMIZATION_LEVEL = "-O";
				VALIDATE_PRODUCT = YES;
			};
			name = Release;
		};
		2326B34F2761EABE00677E7F /* Debug */ = {
			isa = XCBuildConfiguration;
			baseConfigurationReference = 9A8288964E3C1935BDC37774 /* Pods-IOS_Study.debug.xcconfig */;
			buildSettings = {
				ASSETCATALOG_COMPILER_APPICON_NAME = AppIcon;
				ASSETCATALOG_COMPILER_GLOBAL_ACCENT_COLOR_NAME = AccentColor;
				CODE_SIGN_STYLE = Automatic;
				CURRENT_PROJECT_VERSION = 1;
				GENERATE_INFOPLIST_FILE = YES;
				INFOPLIST_FILE = IOS_Study/Info.plist;
				INFOPLIST_KEY_UIApplicationSupportsIndirectInputEvents = YES;
				INFOPLIST_KEY_UILaunchStoryboardName = LaunchScreen;
				INFOPLIST_KEY_UIMainStoryboardFile = Main;
				INFOPLIST_KEY_UISupportedInterfaceOrientations_iPad = "UIInterfaceOrientationPortrait UIInterfaceOrientationPortraitUpsideDown UIInterfaceOrientationLandscapeLeft UIInterfaceOrientationLandscapeRight";
				INFOPLIST_KEY_UISupportedInterfaceOrientations_iPhone = "UIInterfaceOrientationPortrait UIInterfaceOrientationLandscapeLeft UIInterfaceOrientationLandscapeRight";
				LD_RUNPATH_SEARCH_PATHS = (
					"$(inherited)",
					"@executable_path/Frameworks",
				);
				MARKETING_VERSION = 1.0;
				PRODUCT_BUNDLE_IDENTIFIER = "com.hyk.IOS-Study";
				PRODUCT_NAME = "$(TARGET_NAME)";
				SWIFT_EMIT_LOC_STRINGS = YES;
				SWIFT_VERSION = 5.0;
				TARGETED_DEVICE_FAMILY = "1,2";
			};
			name = Debug;
		};
		2326B3502761EABE00677E7F /* Release */ = {
			isa = XCBuildConfiguration;
			baseConfigurationReference = 0395A4473DC55F3311B84462 /* Pods-IOS_Study.release.xcconfig */;
			buildSettings = {
				ASSETCATALOG_COMPILER_APPICON_NAME = AppIcon;
				ASSETCATALOG_COMPILER_GLOBAL_ACCENT_COLOR_NAME = AccentColor;
				CODE_SIGN_STYLE = Automatic;
				CURRENT_PROJECT_VERSION = 1;
				GENERATE_INFOPLIST_FILE = YES;
				INFOPLIST_FILE = IOS_Study/Info.plist;
				INFOPLIST_KEY_UIApplicationSupportsIndirectInputEvents = YES;
				INFOPLIST_KEY_UILaunchStoryboardName = LaunchScreen;
				INFOPLIST_KEY_UIMainStoryboardFile = Main;
				INFOPLIST_KEY_UISupportedInterfaceOrientations_iPad = "UIInterfaceOrientationPortrait UIInterfaceOrientationPortraitUpsideDown UIInterfaceOrientationLandscapeLeft UIInterfaceOrientationLandscapeRight";
				INFOPLIST_KEY_UISupportedInterfaceOrientations_iPhone = "UIInterfaceOrientationPortrait UIInterfaceOrientationLandscapeLeft UIInterfaceOrientationLandscapeRight";
				LD_RUNPATH_SEARCH_PATHS = (
					"$(inherited)",
					"@executable_path/Frameworks",
				);
				MARKETING_VERSION = 1.0;
				PRODUCT_BUNDLE_IDENTIFIER = "com.hyk.IOS-Study";
				PRODUCT_NAME = "$(TARGET_NAME)";
				SWIFT_EMIT_LOC_STRINGS = YES;
				SWIFT_VERSION = 5.0;
				TARGETED_DEVICE_FAMILY = "1,2";
			};
			name = Release;
		};
/* End XCBuildConfiguration section */

/* Begin XCConfigurationList section */
		2326B3352761EABD00677E7F /* Build configuration list for PBXProject "IOS_Study" */ = {
			isa = XCConfigurationList;
			buildConfigurations = (
				2326B34C2761EABE00677E7F /* Debug */,
				2326B34D2761EABE00677E7F /* Release */,
			);
			defaultConfigurationIsVisible = 0;
			defaultConfigurationName = Release;
		};
		2326B34E2761EABE00677E7F /* Build configuration list for PBXNativeTarget "IOS_Study" */ = {
			isa = XCConfigurationList;
			buildConfigurations = (
				2326B34F2761EABE00677E7F /* Debug */,
				2326B3502761EABE00677E7F /* Release */,
			);
			defaultConfigurationIsVisible = 0;
			defaultConfigurationName = Release;
		};
/* End XCConfigurationList section */
	};
	rootObject = 2326B3322761EABD00677E7F /* Project object */;
}
