// !$*UTF8*$!
{
	archiveVersion = 1;
	classes = {
	};
	objectVersion = 55;
	objects = {

/* Begin PBXBuildFile section */
		2300658E277B291D00F117D8 /* AppleSDGothicNeoR.ttf in Resources */ = {isa = PBXBuildFile; fileRef = 2300658A277B291C00F117D8 /* AppleSDGothicNeoR.ttf */; };
		2300658F277B291D00F117D8 /* AppleSDGothicNeoB.ttf in Resources */ = {isa = PBXBuildFile; fileRef = 2300658B277B291C00F117D8 /* AppleSDGothicNeoB.ttf */; };
		23006590277B291D00F117D8 /* AppleSDGothicNeoSB.ttf in Resources */ = {isa = PBXBuildFile; fileRef = 2300658C277B291C00F117D8 /* AppleSDGothicNeoSB.ttf */; };
		23006591277B291D00F117D8 /* AppleSDGothicNeoM.ttf in Resources */ = {isa = PBXBuildFile; fileRef = 2300658D277B291C00F117D8 /* AppleSDGothicNeoM.ttf */; };
		2304DE1A276E0E3400AD0691 /* AppDelegate.swift in Sources */ = {isa = PBXBuildFile; fileRef = 2304DE16276E0E3400AD0691 /* AppDelegate.swift */; };
		2304DE21276E19F500AD0691 /* TabBar.storyboard in Resources */ = {isa = PBXBuildFile; fileRef = 23549B17276E099E00B61691 /* TabBar.storyboard */; };
		2304DE22276E1ABA00AD0691 /* Home.storyboard in Resources */ = {isa = PBXBuildFile; fileRef = 23549B1A276E0A5D00B61691 /* Home.storyboard */; };
		2304DE23276E1AD000AD0691 /* MyPage.storyboard in Resources */ = {isa = PBXBuildFile; fileRef = 23549B23276E0ACE00B61691 /* MyPage.storyboard */; };
		2304DE24276E1AD500AD0691 /* Chatting.storyboard in Resources */ = {isa = PBXBuildFile; fileRef = 23549B1E276E0AAD00B61691 /* Chatting.storyboard */; };
		2304DE26276E2CD300AD0691 /* Login.storyboard in Resources */ = {isa = PBXBuildFile; fileRef = 2304DE25276E2CD300AD0691 /* Login.storyboard */; };
		2304DE28276E2CE200AD0691 /* LoginVC.swift in Sources */ = {isa = PBXBuildFile; fileRef = 2304DE27276E2CE200AD0691 /* LoginVC.swift */; };
		2304DE29276E335E00AD0691 /* Assets.xcassets in Resources */ = {isa = PBXBuildFile; fileRef = 2304DE19276E0E3400AD0691 /* Assets.xcassets */; };
		2326B36D2761EDD600677E7F /* StoryboardRepresentation.swift in Sources */ = {isa = PBXBuildFile; fileRef = 2326B36C2761EDD600677E7F /* StoryboardRepresentation.swift */; };
		2326B36F2761EDEF00677E7F /* TypeOfViewController.swift in Sources */ = {isa = PBXBuildFile; fileRef = 2326B36E2761EDEF00677E7F /* TypeOfViewController.swift */; };
		232D1C47277A008F00F4A3FC /* UITextField+.swift in Sources */ = {isa = PBXBuildFile; fileRef = 232D1C46277A008F00F4A3FC /* UITextField+.swift */; };
		232D1C49277A018800F4A3FC /* UITextView+.swift in Sources */ = {isa = PBXBuildFile; fileRef = 232D1C48277A018800F4A3FC /* UITextView+.swift */; };
		2332BBD2278336AC00290B95 /* CustomNB.swift in Sources */ = {isa = PBXBuildFile; fileRef = 2332BBD1278336AC00290B95 /* CustomNB.swift */; };
		2332BBD6278339E400290B95 /* CustomNB.xib in Resources */ = {isa = PBXBuildFile; fileRef = 2332BBD5278339E400290B95 /* CustomNB.xib */; };
		2352922A2788793700387215 /* AllSubjectsDataTVC.swift in Sources */ = {isa = PBXBuildFile; fileRef = 235292292788793700387215 /* AllSubjectsDataTVC.swift */; };
		23549B10276E014E00B61691 /* MainTBC.swift in Sources */ = {isa = PBXBuildFile; fileRef = 23549B0F276E014E00B61691 /* MainTBC.swift */; };
		23549B12276E019100B61691 /* ViewControllerFactory.swift in Sources */ = {isa = PBXBuildFile; fileRef = 23549B11276E019100B61691 /* ViewControllerFactory.swift */; };
		23549B14276E06D500B61691 /* Identifiers.swift in Sources */ = {isa = PBXBuildFile; fileRef = 23549B13276E06D500B61691 /* Identifiers.swift */; };
		23549B1D276E0A6F00B61691 /* HomeVC.swift in Sources */ = {isa = PBXBuildFile; fileRef = 23549B1C276E0A6F00B61691 /* HomeVC.swift */; };
		23549B21276E0ABB00B61691 /* ChattingVC.swift in Sources */ = {isa = PBXBuildFile; fileRef = 23549B20276E0ABB00B61691 /* ChattingVC.swift */; };
		23549B27276E0AE900B61691 /* MyPageVC.swift in Sources */ = {isa = PBXBuildFile; fileRef = 23549B26276E0AE900B61691 /* MyPageVC.swift */; };
		2366A237278829C800B7F8F9 /* SubjectTVC.swift in Sources */ = {isa = PBXBuildFile; fileRef = 2366A236278829C800B7F8F9 /* SubjectTVC.swift */; };
		23AB78DD2781C4CF00DEC224 /* SideMenuVC.swift in Sources */ = {isa = PBXBuildFile; fileRef = 23AB78DC2781C4CF00DEC224 /* SideMenuVC.swift */; };
		23AB78DF2781C7DE00DEC224 /* CustomSideMenuNC.swift in Sources */ = {isa = PBXBuildFile; fileRef = 23AB78DE2781C7DE00DEC224 /* CustomSideMenuNC.swift */; };
		23C0B56B2781EAB800735DD9 /* MenuListTVC.swift in Sources */ = {isa = PBXBuildFile; fileRef = 23C0B56A2781EAB800735DD9 /* MenuListTVC.swift */; };
		23C74BEA2785FD7500ED4E30 /* ProfileImage.storyboard in Resources */ = {isa = PBXBuildFile; fileRef = 23C74BE92785FD7500ED4E30 /* ProfileImage.storyboard */; };
		23C74BEC2785FD7F00ED4E30 /* ProfileImageVC.swift in Sources */ = {isa = PBXBuildFile; fileRef = 23C74BEB2785FD7F00ED4E30 /* ProfileImageVC.swift */; };
		23EFC4E42780C03F000CCAE4 /* SideMenu.storyboard in Resources */ = {isa = PBXBuildFile; fileRef = 23EFC4E32780C03F000CCAE4 /* SideMenu.storyboard */; };
		4C66F06E2779937100A678E2 /* SignupVC.swift in Sources */ = {isa = PBXBuildFile; fileRef = 4C66F06D2779937100A678E2 /* SignupVC.swift */; };
		4C66F0702779939100A678E2 /* Signup.storyboard in Resources */ = {isa = PBXBuildFile; fileRef = 4C66F06F2779939100A678E2 /* Signup.storyboard */; };
		4CA3907B277B191A009C5B0B /* MemoCVC.swift in Sources */ = {isa = PBXBuildFile; fileRef = 4CA3907A277B1919009C5B0B /* MemoCVC.swift */; };
		4CA3907D277B1954009C5B0B /* SubjectListCVC.swift in Sources */ = {isa = PBXBuildFile; fileRef = 4CA3907C277B1953009C5B0B /* SubjectListCVC.swift */; };
		4CA3907F277B195E009C5B0B /* HomeworkListTVC.swift in Sources */ = {isa = PBXBuildFile; fileRef = 4CA3907E277B195E009C5B0B /* HomeworkListTVC.swift */; };
		4CA39081277B19FE009C5B0B /* Subjects.swift in Sources */ = {isa = PBXBuildFile; fileRef = 4CA39080277B19FE009C5B0B /* Subjects.swift */; };
		4CA390A72782BB9B009C5B0B /* Notification+.swift in Sources */ = {isa = PBXBuildFile; fileRef = 4CA390A62782BB9B009C5B0B /* Notification+.swift */; };
		4CA390A92782BC22009C5B0B /* AppController.swift in Sources */ = {isa = PBXBuildFile; fileRef = 4CA390A82782BC22009C5B0B /* AppController.swift */; };
		4CA390AB27841CC6009C5B0B /* Login.swift in Sources */ = {isa = PBXBuildFile; fileRef = 4CA390AA27841CC6009C5B0B /* Login.swift */; };
		4CA390AD27844387009C5B0B /* Response.swift in Sources */ = {isa = PBXBuildFile; fileRef = 4CA390AC27844387009C5B0B /* Response.swift */; };
		4CA390B02784609E009C5B0B /* AppAuth.swift in Sources */ = {isa = PBXBuildFile; fileRef = 4CA390AF2784609E009C5B0B /* AppAuth.swift */; };
		4CA390B22785A283009C5B0B /* JwtToken.swift in Sources */ = {isa = PBXBuildFile; fileRef = 4CA390B12785A282009C5B0B /* JwtToken.swift */; };
		4CA390B42785A5E6009C5B0B /* KeychainHelper.swift in Sources */ = {isa = PBXBuildFile; fileRef = 4CA390B32785A5E6009C5B0B /* KeychainHelper.swift */; };
		4CA390B627913D81009C5B0B /* AddChatting.storyboard in Resources */ = {isa = PBXBuildFile; fileRef = 4CA390B527913D80009C5B0B /* AddChatting.storyboard */; };
		4CA390B827913D9A009C5B0B /* StartChatting.storyboard in Resources */ = {isa = PBXBuildFile; fileRef = 4CA390B727913D9A009C5B0B /* StartChatting.storyboard */; };
		4CA390BA27913DD8009C5B0B /* AddChattingVC.swift in Sources */ = {isa = PBXBuildFile; fileRef = 4CA390B927913DD8009C5B0B /* AddChattingVC.swift */; };
		4CA390BC27913DF2009C5B0B /* StartChattingVC.swift in Sources */ = {isa = PBXBuildFile; fileRef = 4CA390BB27913DF2009C5B0B /* StartChattingVC.swift */; };
		4CA390C02791495E009C5B0B /* ChattingListTVC.swift in Sources */ = {isa = PBXBuildFile; fileRef = 4CA390BF2791495E009C5B0B /* ChattingListTVC.swift */; };
		4CA390C2279159BD009C5B0B /* ChattingInfo.swift in Sources */ = {isa = PBXBuildFile; fileRef = 4CA390C1279159BD009C5B0B /* ChattingInfo.swift */; };
		4CA390C42791E0FE009C5B0B /* PresentTransition.swift in Sources */ = {isa = PBXBuildFile; fileRef = 4CA390C32791E0FD009C5B0B /* PresentTransition.swift */; };
		4CA390C62791E11F009C5B0B /* DismissTransition.swift in Sources */ = {isa = PBXBuildFile; fileRef = 4CA390C52791E11F009C5B0B /* DismissTransition.swift */; };
		4CA390C82792CAA9009C5B0B /* UINavigationController+.swift in Sources */ = {isa = PBXBuildFile; fileRef = 4CA390C72792CAA8009C5B0B /* UINavigationController+.swift */; };
		4CA390CA2792D0AA009C5B0B /* ChattingNB.xib in Resources */ = {isa = PBXBuildFile; fileRef = 4CA390C92792D0AA009C5B0B /* ChattingNB.xib */; };
		4CA390CE2793EDAE009C5B0B /* AddChattingTVC.swift in Sources */ = {isa = PBXBuildFile; fileRef = 4CA390CD2793EDAE009C5B0B /* AddChattingTVC.swift */; };
		7E047FEDE0BD6F2FF8800C32 /* Pods_IOS_Study.framework in Frameworks */ = {isa = PBXBuildFile; fileRef = DF64998C4B78B78EDC496EC0 /* Pods_IOS_Study.framework */; };
/* End PBXBuildFile section */

/* Begin PBXFileReference section */
		20BAD39FAF95CBB374074DB4 /* Pods-IOS_Study.release.xcconfig */ = {isa = PBXFileReference; includeInIndex = 1; lastKnownFileType = text.xcconfig; name = "Pods-IOS_Study.release.xcconfig"; path = "Target Support Files/Pods-IOS_Study/Pods-IOS_Study.release.xcconfig"; sourceTree = "<group>"; };
		2300658A277B291C00F117D8 /* AppleSDGothicNeoR.ttf */ = {isa = PBXFileReference; lastKnownFileType = file; path = AppleSDGothicNeoR.ttf; sourceTree = "<group>"; };
		2300658B277B291C00F117D8 /* AppleSDGothicNeoB.ttf */ = {isa = PBXFileReference; lastKnownFileType = file; path = AppleSDGothicNeoB.ttf; sourceTree = "<group>"; };
		2300658C277B291C00F117D8 /* AppleSDGothicNeoSB.ttf */ = {isa = PBXFileReference; lastKnownFileType = file; path = AppleSDGothicNeoSB.ttf; sourceTree = "<group>"; };
		2300658D277B291C00F117D8 /* AppleSDGothicNeoM.ttf */ = {isa = PBXFileReference; lastKnownFileType = file; path = AppleSDGothicNeoM.ttf; sourceTree = "<group>"; };
		2304DE16276E0E3400AD0691 /* AppDelegate.swift */ = {isa = PBXFileReference; fileEncoding = 4; lastKnownFileType = sourcecode.swift; path = AppDelegate.swift; sourceTree = "<group>"; };
		2304DE17276E0E3400AD0691 /* Info.plist */ = {isa = PBXFileReference; fileEncoding = 4; lastKnownFileType = text.plist.xml; path = Info.plist; sourceTree = "<group>"; };
		2304DE19276E0E3400AD0691 /* Assets.xcassets */ = {isa = PBXFileReference; lastKnownFileType = folder.assetcatalog; path = Assets.xcassets; sourceTree = "<group>"; };
		2304DE25276E2CD300AD0691 /* Login.storyboard */ = {isa = PBXFileReference; lastKnownFileType = file.storyboard; path = Login.storyboard; sourceTree = "<group>"; };
		2304DE27276E2CE200AD0691 /* LoginVC.swift */ = {isa = PBXFileReference; lastKnownFileType = sourcecode.swift; path = LoginVC.swift; sourceTree = "<group>"; };
		2326B33A2761EABD00677E7F /* IOS_Study.app */ = {isa = PBXFileReference; explicitFileType = wrapper.application; includeInIndex = 0; path = IOS_Study.app; sourceTree = BUILT_PRODUCTS_DIR; };
		2326B3492761EABE00677E7F /* Base */ = {isa = PBXFileReference; lastKnownFileType = file.storyboard; name = Base; path = Base.lproj/LaunchScreen.storyboard; sourceTree = "<group>"; };
		2326B36C2761EDD600677E7F /* StoryboardRepresentation.swift */ = {isa = PBXFileReference; lastKnownFileType = sourcecode.swift; path = StoryboardRepresentation.swift; sourceTree = "<group>"; };
		2326B36E2761EDEF00677E7F /* TypeOfViewController.swift */ = {isa = PBXFileReference; lastKnownFileType = sourcecode.swift; path = TypeOfViewController.swift; sourceTree = "<group>"; };
		232D1C46277A008F00F4A3FC /* UITextField+.swift */ = {isa = PBXFileReference; lastKnownFileType = sourcecode.swift; path = "UITextField+.swift"; sourceTree = "<group>"; };
		232D1C48277A018800F4A3FC /* UITextView+.swift */ = {isa = PBXFileReference; lastKnownFileType = sourcecode.swift; path = "UITextView+.swift"; sourceTree = "<group>"; };
		2332BBD1278336AC00290B95 /* CustomNB.swift */ = {isa = PBXFileReference; lastKnownFileType = sourcecode.swift; path = CustomNB.swift; sourceTree = "<group>"; };
		2332BBD5278339E400290B95 /* CustomNB.xib */ = {isa = PBXFileReference; fileEncoding = 4; lastKnownFileType = file.xib; path = CustomNB.xib; sourceTree = "<group>"; };
		235292292788793700387215 /* AllSubjectsDataTVC.swift */ = {isa = PBXFileReference; lastKnownFileType = sourcecode.swift; path = AllSubjectsDataTVC.swift; sourceTree = "<group>"; };
		23549B0F276E014E00B61691 /* MainTBC.swift */ = {isa = PBXFileReference; lastKnownFileType = sourcecode.swift; path = MainTBC.swift; sourceTree = "<group>"; };
		23549B11276E019100B61691 /* ViewControllerFactory.swift */ = {isa = PBXFileReference; lastKnownFileType = sourcecode.swift; path = ViewControllerFactory.swift; sourceTree = "<group>"; };
		23549B13276E06D500B61691 /* Identifiers.swift */ = {isa = PBXFileReference; lastKnownFileType = sourcecode.swift; path = Identifiers.swift; sourceTree = "<group>"; };
		23549B17276E099E00B61691 /* TabBar.storyboard */ = {isa = PBXFileReference; lastKnownFileType = file.storyboard; path = TabBar.storyboard; sourceTree = "<group>"; };
		23549B1A276E0A5D00B61691 /* Home.storyboard */ = {isa = PBXFileReference; lastKnownFileType = file.storyboard; path = Home.storyboard; sourceTree = "<group>"; };
		23549B1C276E0A6F00B61691 /* HomeVC.swift */ = {isa = PBXFileReference; lastKnownFileType = sourcecode.swift; path = HomeVC.swift; sourceTree = "<group>"; };
		23549B1E276E0AAD00B61691 /* Chatting.storyboard */ = {isa = PBXFileReference; lastKnownFileType = file.storyboard; path = Chatting.storyboard; sourceTree = "<group>"; };
		23549B20276E0ABB00B61691 /* ChattingVC.swift */ = {isa = PBXFileReference; lastKnownFileType = sourcecode.swift; path = ChattingVC.swift; sourceTree = "<group>"; };
		23549B23276E0ACE00B61691 /* MyPage.storyboard */ = {isa = PBXFileReference; lastKnownFileType = file.storyboard; path = MyPage.storyboard; sourceTree = "<group>"; };
		23549B26276E0AE900B61691 /* MyPageVC.swift */ = {isa = PBXFileReference; lastKnownFileType = sourcecode.swift; path = MyPageVC.swift; sourceTree = "<group>"; };
		2366A236278829C800B7F8F9 /* SubjectTVC.swift */ = {isa = PBXFileReference; lastKnownFileType = sourcecode.swift; path = SubjectTVC.swift; sourceTree = "<group>"; };
		23AB78DC2781C4CF00DEC224 /* SideMenuVC.swift */ = {isa = PBXFileReference; lastKnownFileType = sourcecode.swift; path = SideMenuVC.swift; sourceTree = "<group>"; };
		23AB78DE2781C7DE00DEC224 /* CustomSideMenuNC.swift */ = {isa = PBXFileReference; lastKnownFileType = sourcecode.swift; path = CustomSideMenuNC.swift; sourceTree = "<group>"; };
		23C0B56A2781EAB800735DD9 /* MenuListTVC.swift */ = {isa = PBXFileReference; lastKnownFileType = sourcecode.swift; path = MenuListTVC.swift; sourceTree = "<group>"; };
		23C74BE92785FD7500ED4E30 /* ProfileImage.storyboard */ = {isa = PBXFileReference; lastKnownFileType = file.storyboard; path = ProfileImage.storyboard; sourceTree = "<group>"; };
		23C74BEB2785FD7F00ED4E30 /* ProfileImageVC.swift */ = {isa = PBXFileReference; lastKnownFileType = sourcecode.swift; path = ProfileImageVC.swift; sourceTree = "<group>"; };
		23EFC4E32780C03F000CCAE4 /* SideMenu.storyboard */ = {isa = PBXFileReference; lastKnownFileType = file.storyboard; path = SideMenu.storyboard; sourceTree = "<group>"; };
		353FA300CAE148E07E4E025E /* Pods-IOS_Study.debug.xcconfig */ = {isa = PBXFileReference; includeInIndex = 1; lastKnownFileType = text.xcconfig; name = "Pods-IOS_Study.debug.xcconfig"; path = "Target Support Files/Pods-IOS_Study/Pods-IOS_Study.debug.xcconfig"; sourceTree = "<group>"; };
		4C66F06D2779937100A678E2 /* SignupVC.swift */ = {isa = PBXFileReference; lastKnownFileType = sourcecode.swift; path = SignupVC.swift; sourceTree = "<group>"; };
		4C66F06F2779939100A678E2 /* Signup.storyboard */ = {isa = PBXFileReference; lastKnownFileType = file.storyboard; path = Signup.storyboard; sourceTree = "<group>"; };
		4CA3907A277B1919009C5B0B /* MemoCVC.swift */ = {isa = PBXFileReference; fileEncoding = 4; lastKnownFileType = sourcecode.swift; path = MemoCVC.swift; sourceTree = "<group>"; };
		4CA3907C277B1953009C5B0B /* SubjectListCVC.swift */ = {isa = PBXFileReference; fileEncoding = 4; lastKnownFileType = sourcecode.swift; path = SubjectListCVC.swift; sourceTree = "<group>"; };
		4CA3907E277B195E009C5B0B /* HomeworkListTVC.swift */ = {isa = PBXFileReference; fileEncoding = 4; lastKnownFileType = sourcecode.swift; path = HomeworkListTVC.swift; sourceTree = "<group>"; };
		4CA39080277B19FE009C5B0B /* Subjects.swift */ = {isa = PBXFileReference; fileEncoding = 4; lastKnownFileType = sourcecode.swift; path = Subjects.swift; sourceTree = "<group>"; };
		4CA390A62782BB9B009C5B0B /* Notification+.swift */ = {isa = PBXFileReference; lastKnownFileType = sourcecode.swift; path = "Notification+.swift"; sourceTree = "<group>"; };
		4CA390A82782BC22009C5B0B /* AppController.swift */ = {isa = PBXFileReference; lastKnownFileType = sourcecode.swift; path = AppController.swift; sourceTree = "<group>"; };
		4CA390AA27841CC6009C5B0B /* Login.swift */ = {isa = PBXFileReference; lastKnownFileType = sourcecode.swift; path = Login.swift; sourceTree = "<group>"; };
		4CA390AC27844387009C5B0B /* Response.swift */ = {isa = PBXFileReference; lastKnownFileType = sourcecode.swift; path = Response.swift; sourceTree = "<group>"; };
		4CA390AF2784609E009C5B0B /* AppAuth.swift */ = {isa = PBXFileReference; lastKnownFileType = sourcecode.swift; path = AppAuth.swift; sourceTree = "<group>"; };
		4CA390B12785A282009C5B0B /* JwtToken.swift */ = {isa = PBXFileReference; lastKnownFileType = sourcecode.swift; path = JwtToken.swift; sourceTree = "<group>"; };
		4CA390B32785A5E6009C5B0B /* KeychainHelper.swift */ = {isa = PBXFileReference; lastKnownFileType = sourcecode.swift; path = KeychainHelper.swift; sourceTree = "<group>"; };
		4CA390B527913D80009C5B0B /* AddChatting.storyboard */ = {isa = PBXFileReference; lastKnownFileType = file.storyboard; path = AddChatting.storyboard; sourceTree = "<group>"; };
		4CA390B727913D9A009C5B0B /* StartChatting.storyboard */ = {isa = PBXFileReference; lastKnownFileType = file.storyboard; path = StartChatting.storyboard; sourceTree = "<group>"; };
		4CA390B927913DD8009C5B0B /* AddChattingVC.swift */ = {isa = PBXFileReference; lastKnownFileType = sourcecode.swift; path = AddChattingVC.swift; sourceTree = "<group>"; };
		4CA390BB27913DF2009C5B0B /* StartChattingVC.swift */ = {isa = PBXFileReference; lastKnownFileType = sourcecode.swift; path = StartChattingVC.swift; sourceTree = "<group>"; };
		4CA390BF2791495E009C5B0B /* ChattingListTVC.swift */ = {isa = PBXFileReference; lastKnownFileType = sourcecode.swift; path = ChattingListTVC.swift; sourceTree = "<group>"; };
		4CA390C1279159BD009C5B0B /* ChattingInfo.swift */ = {isa = PBXFileReference; lastKnownFileType = sourcecode.swift; path = ChattingInfo.swift; sourceTree = "<group>"; };
		4CA390C32791E0FD009C5B0B /* PresentTransition.swift */ = {isa = PBXFileReference; lastKnownFileType = sourcecode.swift; path = PresentTransition.swift; sourceTree = "<group>"; };
		4CA390C52791E11F009C5B0B /* DismissTransition.swift */ = {isa = PBXFileReference; lastKnownFileType = sourcecode.swift; path = DismissTransition.swift; sourceTree = "<group>"; };
		4CA390C72792CAA8009C5B0B /* UINavigationController+.swift */ = {isa = PBXFileReference; lastKnownFileType = sourcecode.swift; path = "UINavigationController+.swift"; sourceTree = "<group>"; };
		4CA390C92792D0AA009C5B0B /* ChattingNB.xib */ = {isa = PBXFileReference; lastKnownFileType = file.xib; path = ChattingNB.xib; sourceTree = "<group>"; };
		4CA390CD2793EDAE009C5B0B /* AddChattingTVC.swift */ = {isa = PBXFileReference; lastKnownFileType = sourcecode.swift; path = AddChattingTVC.swift; sourceTree = "<group>"; };
		DF64998C4B78B78EDC496EC0 /* Pods_IOS_Study.framework */ = {isa = PBXFileReference; explicitFileType = wrapper.framework; includeInIndex = 0; path = Pods_IOS_Study.framework; sourceTree = BUILT_PRODUCTS_DIR; };
/* End PBXFileReference section */

/* Begin PBXFrameworksBuildPhase section */
		2326B3372761EABD00677E7F /* Frameworks */ = {
			isa = PBXFrameworksBuildPhase;
			buildActionMask = 2147483647;
			files = (
				7E047FEDE0BD6F2FF8800C32 /* Pods_IOS_Study.framework in Frameworks */,
			);
			runOnlyForDeploymentPostprocessing = 0;
		};
/* End PBXFrameworksBuildPhase section */

/* Begin PBXGroup section */
		1951E78E04F9AE25EE8EABF2 /* Frameworks */ = {
			isa = PBXGroup;
			children = (
				DF64998C4B78B78EDC496EC0 /* Pods_IOS_Study.framework */,
			);
			name = Frameworks;
			sourceTree = "<group>";
		};
		23006589277B290F00F117D8 /* Font */ = {
			isa = PBXGroup;
			children = (
				2300658B277B291C00F117D8 /* AppleSDGothicNeoB.ttf */,
				2300658D277B291C00F117D8 /* AppleSDGothicNeoM.ttf */,
				2300658A277B291C00F117D8 /* AppleSDGothicNeoR.ttf */,
				2300658C277B291C00F117D8 /* AppleSDGothicNeoSB.ttf */,
			);
			path = Font;
			sourceTree = "<group>";
		};
		2326B3312761EABD00677E7F = {
			isa = PBXGroup;
			children = (
				2326B33C2761EABD00677E7F /* IOS_Study */,
				2326B33B2761EABD00677E7F /* Products */,
				F45527BFBD8BC6C365249373 /* Pods */,
				1951E78E04F9AE25EE8EABF2 /* Frameworks */,
			);
			sourceTree = "<group>";
		};
		2326B33B2761EABD00677E7F /* Products */ = {
			isa = PBXGroup;
			children = (
				2326B33A2761EABD00677E7F /* IOS_Study.app */,
			);
			name = Products;
			sourceTree = "<group>";
		};
		2326B33C2761EABD00677E7F /* IOS_Study */ = {
			isa = PBXGroup;
			children = (
				2326B3512761EB6000677E7F /* Global */,
				2326B3522761EB8800677E7F /* Network */,
				2326B3532761EB9200677E7F /* Screen */,
				2326B3542761EB9D00677E7F /* Support */,
			);
			path = IOS_Study;
			sourceTree = "<group>";
		};
		2326B3512761EB6000677E7F /* Global */ = {
			isa = PBXGroup;
			children = (
				4CA390AE27845FE3009C5B0B /* Class */,
				23006589277B290F00F117D8 /* Font */,
				232D1C45277A007000F4A3FC /* Extension */,
				2326B36B2761EDC300677E7F /* Factory */,
				2326B3552761EC3B00677E7F /* Struct */,
				2326B3482761EABE00677E7F /* LaunchScreen.storyboard */,
			);
			path = Global;
			sourceTree = "<group>";
		};
		2326B3522761EB8800677E7F /* Network */ = {
			isa = PBXGroup;
			children = (
				2326B3582761EC6200677E7F /* APIServices */,
				2326B3572761EC5A00677E7F /* APIModels */,
			);
			path = Network;
			sourceTree = "<group>";
		};
		2326B3532761EB9200677E7F /* Screen */ = {
			isa = PBXGroup;
			children = (
				2332BBBE27832DCA00290B95 /* NavigationBar */,
				23549B0E276E010100B61691 /* TabBar */,
				2326B35A2761EC8000677E7F /* Home */,
				2326B35B2761EC8B00677E7F /* Chatting */,
				23549B19276E0A1400B61691 /* MyPage */,
				4C66F06A277992E500A678E2 /* Signup */,
				2326B35C2761EC9400677E7F /* Login */,
			);
			path = Screen;
			sourceTree = "<group>";
		};
		2326B3542761EB9D00677E7F /* Support */ = {
			isa = PBXGroup;
			children = (
				2304DE16276E0E3400AD0691 /* AppDelegate.swift */,
				4CA390A82782BC22009C5B0B /* AppController.swift */,
				2304DE19276E0E3400AD0691 /* Assets.xcassets */,
				2304DE17276E0E3400AD0691 /* Info.plist */,
			);
			path = Support;
			sourceTree = "<group>";
		};
		2326B3552761EC3B00677E7F /* Struct */ = {
			isa = PBXGroup;
			children = (
				4CA39080277B19FE009C5B0B /* Subjects.swift */,
				4CA390C1279159BD009C5B0B /* ChattingInfo.swift */,
				4CA390AA27841CC6009C5B0B /* Login.swift */,
				4CA390B12785A282009C5B0B /* JwtToken.swift */,
				23549B13276E06D500B61691 /* Identifiers.swift */,
			);
			path = Struct;
			sourceTree = "<group>";
		};
		2326B3572761EC5A00677E7F /* APIModels */ = {
			isa = PBXGroup;
			children = (
			);
			path = APIModels;
			sourceTree = "<group>";
		};
		2326B3582761EC6200677E7F /* APIServices */ = {
			isa = PBXGroup;
			children = (
			);
			path = APIServices;
			sourceTree = "<group>";
		};
		2326B35A2761EC8000677E7F /* Home */ = {
			isa = PBXGroup;
			children = (
				2326B3622761ED2800677E7F /* Storyboard */,
				2326B3612761ED2100677E7F /* Controller */,
				2326B3682761ED9300677E7F /* Cell */,
			);
			path = Home;
			sourceTree = "<group>";
		};
		2326B35B2761EC8B00677E7F /* Chatting */ = {
			isa = PBXGroup;
			children = (
				4CA390BD27914928009C5B0B /* Cell */,
				2326B35F2761ED0100677E7F /* Storyboard */,
				2326B3602761ED0B00677E7F /* Controller */,
			);
			path = Chatting;
			sourceTree = "<group>";
		};
		2326B35C2761EC9400677E7F /* Login */ = {
			isa = PBXGroup;
			children = (
				2326B35D2761ECDD00677E7F /* Storyboard */,
				2326B35E2761ECEA00677E7F /* Controller */,
			);
			path = Login;
			sourceTree = "<group>";
		};
		2326B35D2761ECDD00677E7F /* Storyboard */ = {
			isa = PBXGroup;
			children = (
				2304DE25276E2CD300AD0691 /* Login.storyboard */,
			);
			path = Storyboard;
			sourceTree = "<group>";
		};
		2326B35E2761ECEA00677E7F /* Controller */ = {
			isa = PBXGroup;
			children = (
				2304DE27276E2CE200AD0691 /* LoginVC.swift */,
			);
			path = Controller;
			sourceTree = "<group>";
		};
		2326B35F2761ED0100677E7F /* Storyboard */ = {
			isa = PBXGroup;
			children = (
				23549B1E276E0AAD00B61691 /* Chatting.storyboard */,
				4CA390B527913D80009C5B0B /* AddChatting.storyboard */,
				4CA390B727913D9A009C5B0B /* StartChatting.storyboard */,
			);
			path = Storyboard;
			sourceTree = "<group>";
		};
		2326B3602761ED0B00677E7F /* Controller */ = {
			isa = PBXGroup;
			children = (
				23549B20276E0ABB00B61691 /* ChattingVC.swift */,
				4CA390B927913DD8009C5B0B /* AddChattingVC.swift */,
				4CA390BB27913DF2009C5B0B /* StartChattingVC.swift */,
			);
			path = Controller;
			sourceTree = "<group>";
		};
		2326B3612761ED2100677E7F /* Controller */ = {
			isa = PBXGroup;
			children = (
				23549B1C276E0A6F00B61691 /* HomeVC.swift */,
				23AB78DC2781C4CF00DEC224 /* SideMenuVC.swift */,
				23AB78DE2781C7DE00DEC224 /* CustomSideMenuNC.swift */,
			);
			path = Controller;
			sourceTree = "<group>";
		};
		2326B3622761ED2800677E7F /* Storyboard */ = {
			isa = PBXGroup;
			children = (
				23549B1A276E0A5D00B61691 /* Home.storyboard */,
				23EFC4E32780C03F000CCAE4 /* SideMenu.storyboard */,
			);
			path = Storyboard;
			sourceTree = "<group>";
		};
		2326B3682761ED9300677E7F /* Cell */ = {
			isa = PBXGroup;
			children = (
				2326B36A2761ED9C00677E7F /* TVC */,
				2326B3692761ED9600677E7F /* CVC */,
			);
			path = Cell;
			sourceTree = "<group>";
		};
		2326B3692761ED9600677E7F /* CVC */ = {
			isa = PBXGroup;
			children = (
				4CA3907C277B1953009C5B0B /* SubjectListCVC.swift */,
				4CA3907A277B1919009C5B0B /* MemoCVC.swift */,
			);
			path = CVC;
			sourceTree = "<group>";
		};
		2326B36A2761ED9C00677E7F /* TVC */ = {
			isa = PBXGroup;
			children = (
				4CA3907E277B195E009C5B0B /* HomeworkListTVC.swift */,
				23C0B56A2781EAB800735DD9 /* MenuListTVC.swift */,
			);
			path = TVC;
			sourceTree = "<group>";
		};
		2326B36B2761EDC300677E7F /* Factory */ = {
			isa = PBXGroup;
			children = (
				2326B36C2761EDD600677E7F /* StoryboardRepresentation.swift */,
				23549B11276E019100B61691 /* ViewControllerFactory.swift */,
				2326B36E2761EDEF00677E7F /* TypeOfViewController.swift */,
			);
			path = Factory;
			sourceTree = "<group>";
		};
		232D1C45277A007000F4A3FC /* Extension */ = {
			isa = PBXGroup;
			children = (
				232D1C46277A008F00F4A3FC /* UITextField+.swift */,
				4CA390A62782BB9B009C5B0B /* Notification+.swift */,
				4CA390C72792CAA8009C5B0B /* UINavigationController+.swift */,
				232D1C48277A018800F4A3FC /* UITextView+.swift */,
			);
			path = Extension;
			sourceTree = "<group>";
		};
		2332BBBE27832DCA00290B95 /* NavigationBar */ = {
			isa = PBXGroup;
			children = (
				2332BBD1278336AC00290B95 /* CustomNB.swift */,
				2332BBD5278339E400290B95 /* CustomNB.xib */,
				4CA390C92792D0AA009C5B0B /* ChattingNB.xib */,
			);
			path = NavigationBar;
			sourceTree = "<group>";
		};
		23549B0E276E010100B61691 /* TabBar */ = {
			isa = PBXGroup;
			children = (
				23549B16276E098C00B61691 /* Storyboard */,
				23549B15276E098400B61691 /* Controller */,
			);
			path = TabBar;
			sourceTree = "<group>";
		};
		23549B15276E098400B61691 /* Controller */ = {
			isa = PBXGroup;
			children = (
				23549B0F276E014E00B61691 /* MainTBC.swift */,
			);
			path = Controller;
			sourceTree = "<group>";
		};
		23549B16276E098C00B61691 /* Storyboard */ = {
			isa = PBXGroup;
			children = (
				23549B17276E099E00B61691 /* TabBar.storyboard */,
			);
			path = Storyboard;
			sourceTree = "<group>";
		};
		23549B19276E0A1400B61691 /* MyPage */ = {
			isa = PBXGroup;
			children = (
				23549B22276E0ABF00B61691 /* Storyboard */,
				23549B25276E0AD100B61691 /* Controller */,
				2366A2332788294200B7F8F9 /* Cell */,
			);
			path = MyPage;
			sourceTree = "<group>";
		};
		23549B22276E0ABF00B61691 /* Storyboard */ = {
			isa = PBXGroup;
			children = (
				23549B23276E0ACE00B61691 /* MyPage.storyboard */,
				23C74BE92785FD7500ED4E30 /* ProfileImage.storyboard */,
			);
			path = Storyboard;
			sourceTree = "<group>";
		};
		23549B25276E0AD100B61691 /* Controller */ = {
			isa = PBXGroup;
			children = (
				23549B26276E0AE900B61691 /* MyPageVC.swift */,
				23C74BEB2785FD7F00ED4E30 /* ProfileImageVC.swift */,
			);
			path = Controller;
			sourceTree = "<group>";
		};
		2366A2332788294200B7F8F9 /* Cell */ = {
			isa = PBXGroup;
			children = (
				2366A2342788297600B7F8F9 /* TVC */,
			);
			path = Cell;
			sourceTree = "<group>";
		};
		2366A2342788297600B7F8F9 /* TVC */ = {
			isa = PBXGroup;
			children = (
				2366A236278829C800B7F8F9 /* SubjectTVC.swift */,
				235292292788793700387215 /* AllSubjectsDataTVC.swift */,
			);
			path = TVC;
			sourceTree = "<group>";
		};
		4C66F06A277992E500A678E2 /* Signup */ = {
			isa = PBXGroup;
			children = (
				4C66F06B2779934400A678E2 /* Storyboard */,
				4C66F06C2779934C00A678E2 /* Controller */,
			);
			path = Signup;
			sourceTree = "<group>";
		};
		4C66F06B2779934400A678E2 /* Storyboard */ = {
			isa = PBXGroup;
			children = (
				4C66F06F2779939100A678E2 /* Signup.storyboard */,
			);
			path = Storyboard;
			sourceTree = "<group>";
		};
		4C66F06C2779934C00A678E2 /* Controller */ = {
			isa = PBXGroup;
			children = (
				4C66F06D2779937100A678E2 /* SignupVC.swift */,
			);
			path = Controller;
			sourceTree = "<group>";
		};
		4CA390AE27845FE3009C5B0B /* Class */ = {
			isa = PBXGroup;
			children = (
				4CA390AC27844387009C5B0B /* Response.swift */,
				4CA390B32785A5E6009C5B0B /* KeychainHelper.swift */,
				4CA390C32791E0FD009C5B0B /* PresentTransition.swift */,
				4CA390AF2784609E009C5B0B /* AppAuth.swift */,
				4CA390C52791E11F009C5B0B /* DismissTransition.swift */,
			);
			path = Class;
			sourceTree = "<group>";
		};
		4CA390BD27914928009C5B0B /* Cell */ = {
			isa = PBXGroup;
			children = (
				4CA390BE27914931009C5B0B /* TVC */,
			);
			path = Cell;
			sourceTree = "<group>";
		};
		4CA390BE27914931009C5B0B /* TVC */ = {
			isa = PBXGroup;
			children = (
				4CA390BF2791495E009C5B0B /* ChattingListTVC.swift */,
				4CA390CD2793EDAE009C5B0B /* AddChattingTVC.swift */,
			);
			path = TVC;
			sourceTree = "<group>";
		};
		F45527BFBD8BC6C365249373 /* Pods */ = {
			isa = PBXGroup;
			children = (
				353FA300CAE148E07E4E025E /* Pods-IOS_Study.debug.xcconfig */,
				20BAD39FAF95CBB374074DB4 /* Pods-IOS_Study.release.xcconfig */,
			);
			path = Pods;
			sourceTree = "<group>";
		};
/* End PBXGroup section */

/* Begin PBXNativeTarget section */
		2326B3392761EABD00677E7F /* IOS_Study */ = {
			isa = PBXNativeTarget;
			buildConfigurationList = 2326B34E2761EABE00677E7F /* Build configuration list for PBXNativeTarget "IOS_Study" */;
			buildPhases = (
				150FFC79A5062892C804FC38 /* [CP] Check Pods Manifest.lock */,
				2326B3362761EABD00677E7F /* Sources */,
				2326B3372761EABD00677E7F /* Frameworks */,
				2326B3382761EABD00677E7F /* Resources */,
				2632C437CBE9E5C00086D2BE /* [CP] Embed Pods Frameworks */,
			);
			buildRules = (
			);
			dependencies = (
			);
			name = IOS_Study;
			productName = IOS_Study;
			productReference = 2326B33A2761EABD00677E7F /* IOS_Study.app */;
			productType = "com.apple.product-type.application";
		};
/* End PBXNativeTarget section */

/* Begin PBXProject section */
		2326B3322761EABD00677E7F /* Project object */ = {
			isa = PBXProject;
			attributes = {
				BuildIndependentTargetsInParallel = 1;
				LastSwiftUpdateCheck = 1310;
				LastUpgradeCheck = 1310;
				TargetAttributes = {
					2326B3392761EABD00677E7F = {
						CreatedOnToolsVersion = 13.1;
					};
				};
			};
			buildConfigurationList = 2326B3352761EABD00677E7F /* Build configuration list for PBXProject "IOS_Study" */;
			compatibilityVersion = "Xcode 13.0";
			developmentRegion = en;
			hasScannedForEncodings = 0;
			knownRegions = (
				en,
				Base,
			);
			mainGroup = 2326B3312761EABD00677E7F;
			productRefGroup = 2326B33B2761EABD00677E7F /* Products */;
			projectDirPath = "";
			projectRoot = "";
			targets = (
				2326B3392761EABD00677E7F /* IOS_Study */,
			);
		};
/* End PBXProject section */

/* Begin PBXResourcesBuildPhase section */
		2326B3382761EABD00677E7F /* Resources */ = {
			isa = PBXResourcesBuildPhase;
			buildActionMask = 2147483647;
			files = (
				4CA390B627913D81009C5B0B /* AddChatting.storyboard in Resources */,
				2304DE24276E1AD500AD0691 /* Chatting.storyboard in Resources */,
				2304DE21276E19F500AD0691 /* TabBar.storyboard in Resources */,
				2304DE23276E1AD000AD0691 /* MyPage.storyboard in Resources */,
				2332BBD6278339E400290B95 /* CustomNB.xib in Resources */,
				2304DE26276E2CD300AD0691 /* Login.storyboard in Resources */,
				2300658E277B291D00F117D8 /* AppleSDGothicNeoR.ttf in Resources */,
				2300658F277B291D00F117D8 /* AppleSDGothicNeoB.ttf in Resources */,
				4C66F0702779939100A678E2 /* Signup.storyboard in Resources */,
				23C74BEA2785FD7500ED4E30 /* ProfileImage.storyboard in Resources */,
				2304DE29276E335E00AD0691 /* Assets.xcassets in Resources */,
				23006590277B291D00F117D8 /* AppleSDGothicNeoSB.ttf in Resources */,
				4CA390CA2792D0AA009C5B0B /* ChattingNB.xib in Resources */,
				2304DE22276E1ABA00AD0691 /* Home.storyboard in Resources */,
				23EFC4E42780C03F000CCAE4 /* SideMenu.storyboard in Resources */,
				23006591277B291D00F117D8 /* AppleSDGothicNeoM.ttf in Resources */,
				4CA390B827913D9A009C5B0B /* StartChatting.storyboard in Resources */,
			);
			runOnlyForDeploymentPostprocessing = 0;
		};
/* End PBXResourcesBuildPhase section */

/* Begin PBXShellScriptBuildPhase section */
		150FFC79A5062892C804FC38 /* [CP] Check Pods Manifest.lock */ = {
			isa = PBXShellScriptBuildPhase;
			buildActionMask = 2147483647;
			files = (
			);
			inputFileListPaths = (
			);
			inputPaths = (
				"${PODS_PODFILE_DIR_PATH}/Podfile.lock",
				"${PODS_ROOT}/Manifest.lock",
			);
			name = "[CP] Check Pods Manifest.lock";
			outputFileListPaths = (
			);
			outputPaths = (
				"$(DERIVED_FILE_DIR)/Pods-IOS_Study-checkManifestLockResult.txt",
			);
			runOnlyForDeploymentPostprocessing = 0;
			shellPath = /bin/sh;
			shellScript = "diff \"${PODS_PODFILE_DIR_PATH}/Podfile.lock\" \"${PODS_ROOT}/Manifest.lock\" > /dev/null\nif [ $? != 0 ] ; then\n    # print error to STDERR\n    echo \"error: The sandbox is not in sync with the Podfile.lock. Run 'pod install' or update your CocoaPods installation.\" >&2\n    exit 1\nfi\n# This output is used by Xcode 'outputs' to avoid re-running this script phase.\necho \"SUCCESS\" > \"${SCRIPT_OUTPUT_FILE_0}\"\n";
			showEnvVarsInLog = 0;
		};
		2632C437CBE9E5C00086D2BE /* [CP] Embed Pods Frameworks */ = {
			isa = PBXShellScriptBuildPhase;
			buildActionMask = 2147483647;
			files = (
			);
			inputFileListPaths = (
				"${PODS_ROOT}/Target Support Files/Pods-IOS_Study/Pods-IOS_Study-frameworks-${CONFIGURATION}-input-files.xcfilelist",
			);
			name = "[CP] Embed Pods Frameworks";
			outputFileListPaths = (
				"${PODS_ROOT}/Target Support Files/Pods-IOS_Study/Pods-IOS_Study-frameworks-${CONFIGURATION}-output-files.xcfilelist",
			);
			runOnlyForDeploymentPostprocessing = 0;
			shellPath = /bin/sh;
			shellScript = "\"${PODS_ROOT}/Target Support Files/Pods-IOS_Study/Pods-IOS_Study-frameworks.sh\"\n";
			showEnvVarsInLog = 0;
		};
/* End PBXShellScriptBuildPhase section */

/* Begin PBXSourcesBuildPhase section */
		2326B3362761EABD00677E7F /* Sources */ = {
			isa = PBXSourcesBuildPhase;
			buildActionMask = 2147483647;
			files = (
				2366A237278829C800B7F8F9 /* SubjectTVC.swift in Sources */,
				2304DE28276E2CE200AD0691 /* LoginVC.swift in Sources */,
				4CA390BA27913DD8009C5B0B /* AddChattingVC.swift in Sources */,
				23549B12276E019100B61691 /* ViewControllerFactory.swift in Sources */,
				4CA390A72782BB9B009C5B0B /* Notification+.swift in Sources */,
				23549B14276E06D500B61691 /* Identifiers.swift in Sources */,
				232D1C49277A018800F4A3FC /* UITextView+.swift in Sources */,
				232D1C47277A008F00F4A3FC /* UITextField+.swift in Sources */,
				4CA390BC27913DF2009C5B0B /* StartChattingVC.swift in Sources */,
				4CA3907F277B195E009C5B0B /* HomeworkListTVC.swift in Sources */,
				23AB78DF2781C7DE00DEC224 /* CustomSideMenuNC.swift in Sources */,
				4CA390CE2793EDAE009C5B0B /* AddChattingTVC.swift in Sources */,
				4CA3907D277B1954009C5B0B /* SubjectListCVC.swift in Sources */,
				2332BBD2278336AC00290B95 /* CustomNB.swift in Sources */,
				23549B1D276E0A6F00B61691 /* HomeVC.swift in Sources */,
				4CA390B42785A5E6009C5B0B /* KeychainHelper.swift in Sources */,
				4CA390A92782BC22009C5B0B /* AppController.swift in Sources */,
				2304DE1A276E0E3400AD0691 /* AppDelegate.swift in Sources */,
				4CA390AB27841CC6009C5B0B /* Login.swift in Sources */,
				4CA390C42791E0FE009C5B0B /* PresentTransition.swift in Sources */,
				23549B27276E0AE900B61691 /* MyPageVC.swift in Sources */,
				4CA390AD27844387009C5B0B /* Response.swift in Sources */,
				4CA39081277B19FE009C5B0B /* Subjects.swift in Sources */,
				23C74BEC2785FD7F00ED4E30 /* ProfileImageVC.swift in Sources */,
				4CA3907B277B191A009C5B0B /* MemoCVC.swift in Sources */,
				23549B21276E0ABB00B61691 /* ChattingVC.swift in Sources */,
				4CA390C2279159BD009C5B0B /* ChattingInfo.swift in Sources */,
				4CA390B02784609E009C5B0B /* AppAuth.swift in Sources */,
				2326B36D2761EDD600677E7F /* StoryboardRepresentation.swift in Sources */,
				23AB78DD2781C4CF00DEC224 /* SideMenuVC.swift in Sources */,
				4CA390C62791E11F009C5B0B /* DismissTransition.swift in Sources */,
				23549B10276E014E00B61691 /* MainTBC.swift in Sources */,
				4CA390C82792CAA9009C5B0B /* UINavigationController+.swift in Sources */,
				4CA390B22785A283009C5B0B /* JwtToken.swift in Sources */,
				4CA390C02791495E009C5B0B /* ChattingListTVC.swift in Sources */,
				2326B36F2761EDEF00677E7F /* TypeOfViewController.swift in Sources */,
				4C66F06E2779937100A678E2 /* SignupVC.swift in Sources */,
				23C0B56B2781EAB800735DD9 /* MenuListTVC.swift in Sources */,
				2352922A2788793700387215 /* AllSubjectsDataTVC.swift in Sources */,
			);
			runOnlyForDeploymentPostprocessing = 0;
		};
/* End PBXSourcesBuildPhase section */

/* Begin PBXVariantGroup section */
		2326B3482761EABE00677E7F /* LaunchScreen.storyboard */ = {
			isa = PBXVariantGroup;
			children = (
				2326B3492761EABE00677E7F /* Base */,
			);
			name = LaunchScreen.storyboard;
			sourceTree = "<group>";
		};
/* End PBXVariantGroup section */

/* Begin XCBuildConfiguration section */
		2326B34C2761EABE00677E7F /* Debug */ = {
			isa = XCBuildConfiguration;
			buildSettings = {
				ALWAYS_SEARCH_USER_PATHS = NO;
				CLANG_ANALYZER_NONNULL = YES;
				CLANG_ANALYZER_NUMBER_OBJECT_CONVERSION = YES_AGGRESSIVE;
				CLANG_CXX_LANGUAGE_STANDARD = "gnu++17";
				CLANG_CXX_LIBRARY = "libc++";
				CLANG_ENABLE_MODULES = YES;
				CLANG_ENABLE_OBJC_ARC = YES;
				CLANG_ENABLE_OBJC_WEAK = YES;
				CLANG_WARN_BLOCK_CAPTURE_AUTORELEASING = YES;
				CLANG_WARN_BOOL_CONVERSION = YES;
				CLANG_WARN_COMMA = YES;
				CLANG_WARN_CONSTANT_CONVERSION = YES;
				CLANG_WARN_DEPRECATED_OBJC_IMPLEMENTATIONS = YES;
				CLANG_WARN_DIRECT_OBJC_ISA_USAGE = YES_ERROR;
				CLANG_WARN_DOCUMENTATION_COMMENTS = YES;
				CLANG_WARN_EMPTY_BODY = YES;
				CLANG_WARN_ENUM_CONVERSION = YES;
				CLANG_WARN_INFINITE_RECURSION = YES;
				CLANG_WARN_INT_CONVERSION = YES;
				CLANG_WARN_NON_LITERAL_NULL_CONVERSION = YES;
				CLANG_WARN_OBJC_IMPLICIT_RETAIN_SELF = YES;
				CLANG_WARN_OBJC_LITERAL_CONVERSION = YES;
				CLANG_WARN_OBJC_ROOT_CLASS = YES_ERROR;
				CLANG_WARN_QUOTED_INCLUDE_IN_FRAMEWORK_HEADER = YES;
				CLANG_WARN_RANGE_LOOP_ANALYSIS = YES;
				CLANG_WARN_STRICT_PROTOTYPES = YES;
				CLANG_WARN_SUSPICIOUS_MOVE = YES;
				CLANG_WARN_UNGUARDED_AVAILABILITY = YES_AGGRESSIVE;
				CLANG_WARN_UNREACHABLE_CODE = YES;
				CLANG_WARN__DUPLICATE_METHOD_MATCH = YES;
				COPY_PHASE_STRIP = NO;
				DEBUG_INFORMATION_FORMAT = dwarf;
				ENABLE_STRICT_OBJC_MSGSEND = YES;
				ENABLE_TESTABILITY = YES;
				GCC_C_LANGUAGE_STANDARD = gnu11;
				GCC_DYNAMIC_NO_PIC = NO;
				GCC_NO_COMMON_BLOCKS = YES;
				GCC_OPTIMIZATION_LEVEL = 0;
				GCC_PREPROCESSOR_DEFINITIONS = (
					"DEBUG=1",
					"$(inherited)",
				);
				GCC_WARN_64_TO_32_BIT_CONVERSION = YES;
				GCC_WARN_ABOUT_RETURN_TYPE = YES_ERROR;
				GCC_WARN_UNDECLARED_SELECTOR = YES;
				GCC_WARN_UNINITIALIZED_AUTOS = YES_AGGRESSIVE;
				GCC_WARN_UNUSED_FUNCTION = YES;
				GCC_WARN_UNUSED_VARIABLE = YES;
				IPHONEOS_DEPLOYMENT_TARGET = 15.0;
				MTL_ENABLE_DEBUG_INFO = INCLUDE_SOURCE;
				MTL_FAST_MATH = YES;
				ONLY_ACTIVE_ARCH = YES;
				SDKROOT = iphoneos;
				SWIFT_ACTIVE_COMPILATION_CONDITIONS = DEBUG;
				SWIFT_OPTIMIZATION_LEVEL = "-Onone";
			};
			name = Debug;
		};
		2326B34D2761EABE00677E7F /* Release */ = {
			isa = XCBuildConfiguration;
			buildSettings = {
				ALWAYS_SEARCH_USER_PATHS = NO;
				CLANG_ANALYZER_NONNULL = YES;
				CLANG_ANALYZER_NUMBER_OBJECT_CONVERSION = YES_AGGRESSIVE;
				CLANG_CXX_LANGUAGE_STANDARD = "gnu++17";
				CLANG_CXX_LIBRARY = "libc++";
				CLANG_ENABLE_MODULES = YES;
				CLANG_ENABLE_OBJC_ARC = YES;
				CLANG_ENABLE_OBJC_WEAK = YES;
				CLANG_WARN_BLOCK_CAPTURE_AUTORELEASING = YES;
				CLANG_WARN_BOOL_CONVERSION = YES;
				CLANG_WARN_COMMA = YES;
				CLANG_WARN_CONSTANT_CONVERSION = YES;
				CLANG_WARN_DEPRECATED_OBJC_IMPLEMENTATIONS = YES;
				CLANG_WARN_DIRECT_OBJC_ISA_USAGE = YES_ERROR;
				CLANG_WARN_DOCUMENTATION_COMMENTS = YES;
				CLANG_WARN_EMPTY_BODY = YES;
				CLANG_WARN_ENUM_CONVERSION = YES;
				CLANG_WARN_INFINITE_RECURSION = YES;
				CLANG_WARN_INT_CONVERSION = YES;
				CLANG_WARN_NON_LITERAL_NULL_CONVERSION = YES;
				CLANG_WARN_OBJC_IMPLICIT_RETAIN_SELF = YES;
				CLANG_WARN_OBJC_LITERAL_CONVERSION = YES;
				CLANG_WARN_OBJC_ROOT_CLASS = YES_ERROR;
				CLANG_WARN_QUOTED_INCLUDE_IN_FRAMEWORK_HEADER = YES;
				CLANG_WARN_RANGE_LOOP_ANALYSIS = YES;
				CLANG_WARN_STRICT_PROTOTYPES = YES;
				CLANG_WARN_SUSPICIOUS_MOVE = YES;
				CLANG_WARN_UNGUARDED_AVAILABILITY = YES_AGGRESSIVE;
				CLANG_WARN_UNREACHABLE_CODE = YES;
				CLANG_WARN__DUPLICATE_METHOD_MATCH = YES;
				COPY_PHASE_STRIP = NO;
				DEBUG_INFORMATION_FORMAT = "dwarf-with-dsym";
				ENABLE_NS_ASSERTIONS = NO;
				ENABLE_STRICT_OBJC_MSGSEND = YES;
				GCC_C_LANGUAGE_STANDARD = gnu11;
				GCC_NO_COMMON_BLOCKS = YES;
				GCC_WARN_64_TO_32_BIT_CONVERSION = YES;
				GCC_WARN_ABOUT_RETURN_TYPE = YES_ERROR;
				GCC_WARN_UNDECLARED_SELECTOR = YES;
				GCC_WARN_UNINITIALIZED_AUTOS = YES_AGGRESSIVE;
				GCC_WARN_UNUSED_FUNCTION = YES;
				GCC_WARN_UNUSED_VARIABLE = YES;
				IPHONEOS_DEPLOYMENT_TARGET = 15.0;
				MTL_ENABLE_DEBUG_INFO = NO;
				MTL_FAST_MATH = YES;
				SDKROOT = iphoneos;
				SWIFT_COMPILATION_MODE = wholemodule;
				SWIFT_OPTIMIZATION_LEVEL = "-O";
				VALIDATE_PRODUCT = YES;
			};
			name = Release;
		};
		2326B34F2761EABE00677E7F /* Debug */ = {
			isa = XCBuildConfiguration;
			baseConfigurationReference = 353FA300CAE148E07E4E025E /* Pods-IOS_Study.debug.xcconfig */;
			buildSettings = {
				ASSETCATALOG_COMPILER_APPICON_NAME = AppIcon;
				ASSETCATALOG_COMPILER_GLOBAL_ACCENT_COLOR_NAME = AccentColor;
				CODE_SIGN_IDENTITY = "Apple Development";
				CODE_SIGN_STYLE = Automatic;
				CURRENT_PROJECT_VERSION = 1;
				DEVELOPMENT_TEAM = SY959SAN47;
				GENERATE_INFOPLIST_FILE = YES;
				INFOPLIST_FILE = IOS_Study/Support/Info.plist;
				INFOPLIST_KEY_NSPhotoLibraryUsageDescription = "프로필 사진 수정을 위한 갤러리 접근 권한";
				INFOPLIST_KEY_UIApplicationSupportsIndirectInputEvents = YES;
				INFOPLIST_KEY_UILaunchStoryboardName = LaunchScreen;
				INFOPLIST_KEY_UIMainStoryboardFile = Login;
				INFOPLIST_KEY_UIStatusBarHidden = YES;
				INFOPLIST_KEY_UISupportedInterfaceOrientations_iPad = "UIInterfaceOrientationPortrait UIInterfaceOrientationPortraitUpsideDown UIInterfaceOrientationLandscapeLeft UIInterfaceOrientationLandscapeRight";
				INFOPLIST_KEY_UISupportedInterfaceOrientations_iPhone = "UIInterfaceOrientationPortrait UIInterfaceOrientationLandscapeLeft UIInterfaceOrientationLandscapeRight";
				LD_RUNPATH_SEARCH_PATHS = (
					"$(inherited)",
					"@executable_path/Frameworks",
				);
				MARKETING_VERSION = 1.0;
				PRODUCT_BUNDLE_IDENTIFIER = com.hehwa.iOSStudy;
				PRODUCT_NAME = "$(TARGET_NAME)";
				PROVISIONING_PROFILE_SPECIFIER = "";
				SWIFT_EMIT_LOC_STRINGS = YES;
				SWIFT_VERSION = 5.0;
				TARGETED_DEVICE_FAMILY = 1;
			};
			name = Debug;
		};
		2326B3502761EABE00677E7F /* Release */ = {
			isa = XCBuildConfiguration;
			baseConfigurationReference = 20BAD39FAF95CBB374074DB4 /* Pods-IOS_Study.release.xcconfig */;
			buildSettings = {
				ASSETCATALOG_COMPILER_APPICON_NAME = AppIcon;
				ASSETCATALOG_COMPILER_GLOBAL_ACCENT_COLOR_NAME = AccentColor;
				CODE_SIGN_IDENTITY = "Apple Development";
				CODE_SIGN_STYLE = Automatic;
				CURRENT_PROJECT_VERSION = 1;
				DEVELOPMENT_TEAM = SY959SAN47;
				GENERATE_INFOPLIST_FILE = YES;
				INFOPLIST_FILE = IOS_Study/Support/Info.plist;
				INFOPLIST_KEY_NSPhotoLibraryUsageDescription = "프로필 사진 수정을 위한 갤러리 접근 권한";
				INFOPLIST_KEY_UIApplicationSupportsIndirectInputEvents = YES;
				INFOPLIST_KEY_UILaunchStoryboardName = LaunchScreen;
				INFOPLIST_KEY_UIMainStoryboardFile = Login;
				INFOPLIST_KEY_UIStatusBarHidden = YES;
				INFOPLIST_KEY_UISupportedInterfaceOrientations_iPad = "UIInterfaceOrientationPortrait UIInterfaceOrientationPortraitUpsideDown UIInterfaceOrientationLandscapeLeft UIInterfaceOrientationLandscapeRight";
				INFOPLIST_KEY_UISupportedInterfaceOrientations_iPhone = "UIInterfaceOrientationPortrait UIInterfaceOrientationLandscapeLeft UIInterfaceOrientationLandscapeRight";
				LD_RUNPATH_SEARCH_PATHS = (
					"$(inherited)",
					"@executable_path/Frameworks",
				);
				MARKETING_VERSION = 1.0;
				PRODUCT_BUNDLE_IDENTIFIER = com.hehwa.iOSStudy;
				PRODUCT_NAME = "$(TARGET_NAME)";
				PROVISIONING_PROFILE_SPECIFIER = "";
				SWIFT_EMIT_LOC_STRINGS = YES;
				SWIFT_VERSION = 5.0;
				TARGETED_DEVICE_FAMILY = 1;
			};
			name = Release;
		};
/* End XCBuildConfiguration section */

/* Begin XCConfigurationList section */
		2326B3352761EABD00677E7F /* Build configuration list for PBXProject "IOS_Study" */ = {
			isa = XCConfigurationList;
			buildConfigurations = (
				2326B34C2761EABE00677E7F /* Debug */,
				2326B34D2761EABE00677E7F /* Release */,
			);
			defaultConfigurationIsVisible = 0;
			defaultConfigurationName = Release;
		};
		2326B34E2761EABE00677E7F /* Build configuration list for PBXNativeTarget "IOS_Study" */ = {
			isa = XCConfigurationList;
			buildConfigurations = (
				2326B34F2761EABE00677E7F /* Debug */,
				2326B3502761EABE00677E7F /* Release */,
			);
			defaultConfigurationIsVisible = 0;
			defaultConfigurationName = Release;
		};
/* End XCConfigurationList section */
	};
	rootObject = 2326B3322761EABD00677E7F /* Project object */;
}
